// !$*UTF8*$!
{
	archiveVersion = 1;
	classes = {
	};
	objectVersion = 46;
	objects = {

/* Begin PBXBuildFile section */
		3283DDAB1A6C678D00CDAD6C /* NameViewController.swift in Sources */ = {isa = PBXBuildFile; fileRef = 3283DDAA1A6C678D00CDAD6C /* NameViewController.swift */; };
		32F431631A40F37700DECF24 /* AppDelegate.swift in Sources */ = {isa = PBXBuildFile; fileRef = 32F431621A40F37700DECF24 /* AppDelegate.swift */; };
		32F431651A40F37700DECF24 /* ViewController.swift in Sources */ = {isa = PBXBuildFile; fileRef = 32F431641A40F37700DECF24 /* ViewController.swift */; };
		32F431681A40F37700DECF24 /* Main.storyboard in Resources */ = {isa = PBXBuildFile; fileRef = 32F431661A40F37700DECF24 /* Main.storyboard */; };
		32F4316A1A40F37700DECF24 /* Images.xcassets in Resources */ = {isa = PBXBuildFile; fileRef = 32F431691A40F37700DECF24 /* Images.xcassets */; };
		32F4316D1A40F37700DECF24 /* LaunchScreen.xib in Resources */ = {isa = PBXBuildFile; fileRef = 32F4316B1A40F37700DECF24 /* LaunchScreen.xib */; };
		32F431791A40F37700DECF24 /* strikeZoneTests.swift in Sources */ = {isa = PBXBuildFile; fileRef = 32F431781A40F37700DECF24 /* strikeZoneTests.swift */; };
		32F4318E1A4CC80C00DECF24 /* Zone_Legend.png in Resources */ = {isa = PBXBuildFile; fileRef = 32F4318D1A4CC80C00DECF24 /* Zone_Legend.png */; };
		32F431901A4CCF5E00DECF24 /* williamsgraphic.png in Resources */ = {isa = PBXBuildFile; fileRef = 32F4318F1A4CCF5E00DECF24 /* williamsgraphic.png */; };
		32F431961A4CDFAC00DECF24 /* PitcherSelectViewController.swift in Sources */ = {isa = PBXBuildFile; fileRef = 32F431951A4CDFAC00DECF24 /* PitcherSelectViewController.swift */; };
		32F4319A1A4CE64D00DECF24 /* Team.swift in Sources */ = {isa = PBXBuildFile; fileRef = 32F431991A4CE64D00DECF24 /* Team.swift */; };
/* End PBXBuildFile section */

/* Begin PBXContainerItemProxy section */
		32F431731A40F37700DECF24 /* PBXContainerItemProxy */ = {
			isa = PBXContainerItemProxy;
			containerPortal = 32F431551A40F37700DECF24 /* Project object */;
			proxyType = 1;
			remoteGlobalIDString = 32F4315C1A40F37700DECF24;
			remoteInfo = strikeZone;
		};
/* End PBXContainerItemProxy section */

/* Begin PBXFileReference section */
		3283DDAA1A6C678D00CDAD6C /* NameViewController.swift */ = {isa = PBXFileReference; fileEncoding = 4; lastKnownFileType = sourcecode.swift; name = NameViewController.swift; path = ../NameViewController.swift; sourceTree = "<group>"; };
		32F4315D1A40F37700DECF24 /* strikeZone.app */ = {isa = PBXFileReference; explicitFileType = wrapper.application; includeInIndex = 0; path = strikeZone.app; sourceTree = BUILT_PRODUCTS_DIR; };
		32F431611A40F37700DECF24 /* Info.plist */ = {isa = PBXFileReference; lastKnownFileType = text.plist.xml; path = Info.plist; sourceTree = "<group>"; };
		32F431621A40F37700DECF24 /* AppDelegate.swift */ = {isa = PBXFileReference; lastKnownFileType = sourcecode.swift; path = AppDelegate.swift; sourceTree = "<group>"; };
		32F431641A40F37700DECF24 /* ViewController.swift */ = {isa = PBXFileReference; lastKnownFileType = sourcecode.swift; path = ViewController.swift; sourceTree = "<group>"; };
		32F431671A40F37700DECF24 /* Base */ = {isa = PBXFileReference; lastKnownFileType = file.storyboard; name = Base; path = Base.lproj/Main.storyboard; sourceTree = "<group>"; };
		32F431691A40F37700DECF24 /* Images.xcassets */ = {isa = PBXFileReference; lastKnownFileType = folder.assetcatalog; path = Images.xcassets; sourceTree = "<group>"; };
		32F4316C1A40F37700DECF24 /* Base */ = {isa = PBXFileReference; lastKnownFileType = file.xib; name = Base; path = Base.lproj/LaunchScreen.xib; sourceTree = "<group>"; };
		32F431721A40F37700DECF24 /* strikeZoneTests.xctest */ = {isa = PBXFileReference; explicitFileType = wrapper.cfbundle; includeInIndex = 0; path = strikeZoneTests.xctest; sourceTree = BUILT_PRODUCTS_DIR; };
		32F431771A40F37700DECF24 /* Info.plist */ = {isa = PBXFileReference; lastKnownFileType = text.plist.xml; path = Info.plist; sourceTree = "<group>"; };
		32F431781A40F37700DECF24 /* strikeZoneTests.swift */ = {isa = PBXFileReference; lastKnownFileType = sourcecode.swift; path = strikeZoneTests.swift; sourceTree = "<group>"; };
		32F4318D1A4CC80C00DECF24 /* Zone_Legend.png */ = {isa = PBXFileReference; lastKnownFileType = image.png; path = Zone_Legend.png; sourceTree = "<group>"; };
		32F4318F1A4CCF5E00DECF24 /* williamsgraphic.png */ = {isa = PBXFileReference; lastKnownFileType = image.png; path = williamsgraphic.png; sourceTree = "<group>"; };
		32F431951A4CDFAC00DECF24 /* PitcherSelectViewController.swift */ = {isa = PBXFileReference; fileEncoding = 4; lastKnownFileType = sourcecode.swift; path = PitcherSelectViewController.swift; sourceTree = "<group>"; };
		32F431991A4CE64D00DECF24 /* Team.swift */ = {isa = PBXFileReference; fileEncoding = 4; lastKnownFileType = sourcecode.swift; path = Team.swift; sourceTree = "<group>"; };
/* End PBXFileReference section */

/* Begin PBXFrameworksBuildPhase section */
		32F4315A1A40F37700DECF24 /* Frameworks */ = {
			isa = PBXFrameworksBuildPhase;
			buildActionMask = 2147483647;
			files = (
			);
			runOnlyForDeploymentPostprocessing = 0;
		};
		32F4316F1A40F37700DECF24 /* Frameworks */ = {
			isa = PBXFrameworksBuildPhase;
			buildActionMask = 2147483647;
			files = (
			);
			runOnlyForDeploymentPostprocessing = 0;
		};
/* End PBXFrameworksBuildPhase section */

/* Begin PBXGroup section */
		32F431541A40F37700DECF24 = {
			isa = PBXGroup;
			children = (
				32F4315F1A40F37700DECF24 /* strikeZone */,
				32F431751A40F37700DECF24 /* strikeZoneTests */,
				32F4315E1A40F37700DECF24 /* Products */,
			);
			sourceTree = "<group>";
		};
		32F4315E1A40F37700DECF24 /* Products */ = {
			isa = PBXGroup;
			children = (
				32F4315D1A40F37700DECF24 /* strikeZone.app */,
				32F431721A40F37700DECF24 /* strikeZoneTests.xctest */,
			);
			name = Products;
			sourceTree = "<group>";
		};
		32F4315F1A40F37700DECF24 /* strikeZone */ = {
			isa = PBXGroup;
			children = (
				32F431881A40FDE800DECF24 /* controller */,
				32F431871A40FDE200DECF24 /* view */,
				32F431861A40FDDB00DECF24 /* model */,
				32F431621A40F37700DECF24 /* AppDelegate.swift */,
				32F431691A40F37700DECF24 /* Images.xcassets */,
				32F4318F1A4CCF5E00DECF24 /* williamsgraphic.png */,
				32F4318D1A4CC80C00DECF24 /* Zone_Legend.png */,
				32F431601A40F37700DECF24 /* Supporting Files */,
			);
			path = strikeZone;
			sourceTree = "<group>";
		};
		32F431601A40F37700DECF24 /* Supporting Files */ = {
			isa = PBXGroup;
			children = (
				32F431611A40F37700DECF24 /* Info.plist */,
			);
			name = "Supporting Files";
			sourceTree = "<group>";
		};
		32F431751A40F37700DECF24 /* strikeZoneTests */ = {
			isa = PBXGroup;
			children = (
				32F431781A40F37700DECF24 /* strikeZoneTests.swift */,
				32F431761A40F37700DECF24 /* Supporting Files */,
			);
			path = strikeZoneTests;
			sourceTree = "<group>";
		};
		32F431761A40F37700DECF24 /* Supporting Files */ = {
			isa = PBXGroup;
			children = (
				32F431771A40F37700DECF24 /* Info.plist */,
			);
			name = "Supporting Files";
			sourceTree = "<group>";
		};
		32F431861A40FDDB00DECF24 /* model */ = {
			isa = PBXGroup;
			children = (
				32F431991A4CE64D00DECF24 /* Team.swift */,
			);
			name = model;
			sourceTree = "<group>";
		};
		32F431871A40FDE200DECF24 /* view */ = {
			isa = PBXGroup;
			children = (
				32F431661A40F37700DECF24 /* Main.storyboard */,
				32F4316B1A40F37700DECF24 /* LaunchScreen.xib */,
			);
			name = view;
			sourceTree = "<group>";
		};
		32F431881A40FDE800DECF24 /* controller */ = {
			isa = PBXGroup;
			children = (
				32F431641A40F37700DECF24 /* ViewController.swift */,
				32F431951A4CDFAC00DECF24 /* PitcherSelectViewController.swift */,
				3283DDAA1A6C678D00CDAD6C /* NameViewController.swift */,
			);
			name = controller;
			sourceTree = "<group>";
		};
/* End PBXGroup section */

/* Begin PBXNativeTarget section */
		32F4315C1A40F37700DECF24 /* strikeZone */ = {
			isa = PBXNativeTarget;
			buildConfigurationList = 32F4317C1A40F37700DECF24 /* Build configuration list for PBXNativeTarget "strikeZone" */;
			buildPhases = (
				32F431591A40F37700DECF24 /* Sources */,
				32F4315A1A40F37700DECF24 /* Frameworks */,
				32F4315B1A40F37700DECF24 /* Resources */,
			);
			buildRules = (
			);
			dependencies = (
			);
			name = strikeZone;
			productName = strikeZone;
			productReference = 32F4315D1A40F37700DECF24 /* strikeZone.app */;
			productType = "com.apple.product-type.application";
		};
		32F431711A40F37700DECF24 /* strikeZoneTests */ = {
			isa = PBXNativeTarget;
			buildConfigurationList = 32F4317F1A40F37700DECF24 /* Build configuration list for PBXNativeTarget "strikeZoneTests" */;
			buildPhases = (
				32F4316E1A40F37700DECF24 /* Sources */,
				32F4316F1A40F37700DECF24 /* Frameworks */,
				32F431701A40F37700DECF24 /* Resources */,
			);
			buildRules = (
			);
			dependencies = (
				32F431741A40F37700DECF24 /* PBXTargetDependency */,
			);
			name = strikeZoneTests;
			productName = strikeZoneTests;
			productReference = 32F431721A40F37700DECF24 /* strikeZoneTests.xctest */;
			productType = "com.apple.product-type.bundle.unit-test";
		};
/* End PBXNativeTarget section */

/* Begin PBXProject section */
		32F431551A40F37700DECF24 /* Project object */ = {
			isa = PBXProject;
			attributes = {
				LastSwiftMigration = 0700;
				LastSwiftUpdateCheck = 0700;
				LastUpgradeCheck = 0610;
				ORGANIZATIONNAME = "RYAN CHRISTENSEN";
				TargetAttributes = {
					32F4315C1A40F37700DECF24 = {
						CreatedOnToolsVersion = 6.1.1;
					};
					32F431711A40F37700DECF24 = {
						CreatedOnToolsVersion = 6.1.1;
						TestTargetID = 32F4315C1A40F37700DECF24;
					};
				};
			};
			buildConfigurationList = 32F431581A40F37700DECF24 /* Build configuration list for PBXProject "strikeZone" */;
			compatibilityVersion = "Xcode 3.2";
			developmentRegion = English;
			hasScannedForEncodings = 0;
			knownRegions = (
				en,
				Base,
			);
			mainGroup = 32F431541A40F37700DECF24;
			productRefGroup = 32F4315E1A40F37700DECF24 /* Products */;
			projectDirPath = "";
			projectRoot = "";
			targets = (
				32F4315C1A40F37700DECF24 /* strikeZone */,
				32F431711A40F37700DECF24 /* strikeZoneTests */,
			);
		};
/* End PBXProject section */

/* Begin PBXResourcesBuildPhase section */
		32F4315B1A40F37700DECF24 /* Resources */ = {
			isa = PBXResourcesBuildPhase;
			buildActionMask = 2147483647;
			files = (
				32F4318E1A4CC80C00DECF24 /* Zone_Legend.png in Resources */,
				32F431681A40F37700DECF24 /* Main.storyboard in Resources */,
				32F4316D1A40F37700DECF24 /* LaunchScreen.xib in Resources */,
				32F431901A4CCF5E00DECF24 /* williamsgraphic.png in Resources */,
				32F4316A1A40F37700DECF24 /* Images.xcassets in Resources */,
			);
			runOnlyForDeploymentPostprocessing = 0;
		};
		32F431701A40F37700DECF24 /* Resources */ = {
			isa = PBXResourcesBuildPhase;
			buildActionMask = 2147483647;
			files = (
			);
			runOnlyForDeploymentPostprocessing = 0;
		};
/* End PBXResourcesBuildPhase section */

/* Begin PBXSourcesBuildPhase section */
		32F431591A40F37700DECF24 /* Sources */ = {
			isa = PBXSourcesBuildPhase;
			buildActionMask = 2147483647;
			files = (
				32F431651A40F37700DECF24 /* ViewController.swift in Sources */,
				32F431631A40F37700DECF24 /* AppDelegate.swift in Sources */,
				32F4319A1A4CE64D00DECF24 /* Team.swift in Sources */,
				32F431961A4CDFAC00DECF24 /* PitcherSelectViewController.swift in Sources */,
				3283DDAB1A6C678D00CDAD6C /* NameViewController.swift in Sources */,
			);
			runOnlyForDeploymentPostprocessing = 0;
		};
		32F4316E1A40F37700DECF24 /* Sources */ = {
			isa = PBXSourcesBuildPhase;
			buildActionMask = 2147483647;
			files = (
				32F431791A40F37700DECF24 /* strikeZoneTests.swift in Sources */,
			);
			runOnlyForDeploymentPostprocessing = 0;
		};
/* End PBXSourcesBuildPhase section */

/* Begin PBXTargetDependency section */
		32F431741A40F37700DECF24 /* PBXTargetDependency */ = {
			isa = PBXTargetDependency;
			target = 32F4315C1A40F37700DECF24 /* strikeZone */;
			targetProxy = 32F431731A40F37700DECF24 /* PBXContainerItemProxy */;
		};
/* End PBXTargetDependency section */

/* Begin PBXVariantGroup section */
		32F431661A40F37700DECF24 /* Main.storyboard */ = {
			isa = PBXVariantGroup;
			children = (
				32F431671A40F37700DECF24 /* Base */,
			);
			name = Main.storyboard;
			sourceTree = "<group>";
		};
		32F4316B1A40F37700DECF24 /* LaunchScreen.xib */ = {
			isa = PBXVariantGroup;
			children = (
				32F4316C1A40F37700DECF24 /* Base */,
			);
			name = LaunchScreen.xib;
			sourceTree = "<group>";
		};
/* End PBXVariantGroup section */

/* Begin XCBuildConfiguration section */
		32F4317A1A40F37700DECF24 /* Debug */ = {
			isa = XCBuildConfiguration;
			buildSettings = {
				ALWAYS_SEARCH_USER_PATHS = NO;
				CLANG_CXX_LANGUAGE_STANDARD = "gnu++0x";
				CLANG_CXX_LIBRARY = "libc++";
				CLANG_ENABLE_MODULES = YES;
				CLANG_ENABLE_OBJC_ARC = YES;
				CLANG_WARN_BOOL_CONVERSION = YES;
				CLANG_WARN_CONSTANT_CONVERSION = YES;
				CLANG_WARN_DIRECT_OBJC_ISA_USAGE = YES_ERROR;
				CLANG_WARN_EMPTY_BODY = YES;
				CLANG_WARN_ENUM_CONVERSION = YES;
				CLANG_WARN_INT_CONVERSION = YES;
				CLANG_WARN_OBJC_ROOT_CLASS = YES_ERROR;
				CLANG_WARN_UNREACHABLE_CODE = YES;
				CLANG_WARN__DUPLICATE_METHOD_MATCH = YES;
				"CODE_SIGN_IDENTITY[sdk=iphoneos*]" = "iPhone Developer";
				COPY_PHASE_STRIP = NO;
				ENABLE_STRICT_OBJC_MSGSEND = YES;
				GCC_C_LANGUAGE_STANDARD = gnu99;
				GCC_DYNAMIC_NO_PIC = NO;
				GCC_OPTIMIZATION_LEVEL = 0;
				GCC_PREPROCESSOR_DEFINITIONS = (
					"DEBUG=1",
					"$(inherited)",
				);
				GCC_SYMBOLS_PRIVATE_EXTERN = NO;
				GCC_WARN_64_TO_32_BIT_CONVERSION = YES;
				GCC_WARN_ABOUT_RETURN_TYPE = YES_ERROR;
				GCC_WARN_UNDECLARED_SELECTOR = YES;
				GCC_WARN_UNINITIALIZED_AUTOS = YES_AGGRESSIVE;
				GCC_WARN_UNUSED_FUNCTION = YES;
				GCC_WARN_UNUSED_VARIABLE = YES;
				IPHONEOS_DEPLOYMENT_TARGET = 8.1;
				MTL_ENABLE_DEBUG_INFO = YES;
				ONLY_ACTIVE_ARCH = YES;
				SDKROOT = iphoneos;
				SWIFT_OPTIMIZATION_LEVEL = "-Onone";
				TARGETED_DEVICE_FAMILY = "1,2";
			};
			name = Debug;
		};
		32F4317B1A40F37700DECF24 /* Release */ = {
			isa = XCBuildConfiguration;
			buildSettings = {
				ALWAYS_SEARCH_USER_PATHS = NO;
				CLANG_CXX_LANGUAGE_STANDARD = "gnu++0x";
				CLANG_CXX_LIBRARY = "libc++";
				CLANG_ENABLE_MODULES = YES;
				CLANG_ENABLE_OBJC_ARC = YES;
				CLANG_WARN_BOOL_CONVERSION = YES;
				CLANG_WARN_CONSTANT_CONVERSION = YES;
				CLANG_WARN_DIRECT_OBJC_ISA_USAGE = YES_ERROR;
				CLANG_WARN_EMPTY_BODY = YES;
				CLANG_WARN_ENUM_CONVERSION = YES;
				CLANG_WARN_INT_CONVERSION = YES;
				CLANG_WARN_OBJC_ROOT_CLASS = YES_ERROR;
				CLANG_WARN_UNREACHABLE_CODE = YES;
				CLANG_WARN__DUPLICATE_METHOD_MATCH = YES;
				"CODE_SIGN_IDENTITY[sdk=iphoneos*]" = "iPhone Developer";
				COPY_PHASE_STRIP = YES;
				ENABLE_NS_ASSERTIONS = NO;
				ENABLE_STRICT_OBJC_MSGSEND = YES;
				GCC_C_LANGUAGE_STANDARD = gnu99;
				GCC_WARN_64_TO_32_BIT_CONVERSION = YES;
				GCC_WARN_ABOUT_RETURN_TYPE = YES_ERROR;
				GCC_WARN_UNDECLARED_SELECTOR = YES;
				GCC_WARN_UNINITIALIZED_AUTOS = YES_AGGRESSIVE;
				GCC_WARN_UNUSED_FUNCTION = YES;
				GCC_WARN_UNUSED_VARIABLE = YES;
				IPHONEOS_DEPLOYMENT_TARGET = 8.1;
				MTL_ENABLE_DEBUG_INFO = NO;
				SDKROOT = iphoneos;
				TARGETED_DEVICE_FAMILY = "1,2";
				VALIDATE_PRODUCT = YES;
			};
			name = Release;
		};
		32F4317D1A40F37700DECF24 /* Debug */ = {
			isa = XCBuildConfiguration;
			buildSettings = {
				ASSETCATALOG_COMPILER_APPICON_NAME = AppIcon;
				INFOPLIST_FILE = strikeZone/Info.plist;
				LD_RUNPATH_SEARCH_PATHS = "$(inherited) @executable_path/Frameworks";
				PRODUCT_NAME = "$(TARGET_NAME)";
			};
			name = Debug;
		};
		32F4317E1A40F37700DECF24 /* Release */ = {
			isa = XCBuildConfiguration;
			buildSettings = {
				ASSETCATALOG_COMPILER_APPICON_NAME = AppIcon;
				INFOPLIST_FILE = strikeZone/Info.plist;
				LD_RUNPATH_SEARCH_PATHS = "$(inherited) @executable_path/Frameworks";
				PRODUCT_NAME = "$(TARGET_NAME)";
			};
			name = Release;
		};
		32F431801A40F37700DECF24 /* Debug */ = {
			isa = XCBuildConfiguration;
			buildSettings = {
				BUNDLE_LOADER = "$(TEST_HOST)";
				FRAMEWORK_SEARCH_PATHS = (
					"$(SDKROOT)/Developer/Library/Frameworks",
					"$(inherited)",
				);
				GCC_PREPROCESSOR_DEFINITIONS = (
					"DEBUG=1",
					"$(inherited)",
				);
				INFOPLIST_FILE = strikeZoneTests/Info.plist;
				LD_RUNPATH_SEARCH_PATHS = "$(inherited) @executable_path/Frameworks @loader_path/Frameworks";
				PRODUCT_NAME = "$(TARGET_NAME)";
				TEST_HOST = "$(BUILT_PRODUCTS_DIR)/strikeZone.app/strikeZone";
			};
			name = Debug;
		};
		32F431811A40F37700DECF24 /* Release */ = {
			isa = XCBuildConfiguration;
			buildSettings = {
				BUNDLE_LOADER = "$(TEST_HOST)";
				FRAMEWORK_SEARCH_PATHS = (
					"$(SDKROOT)/Developer/Library/Frameworks",
					"$(inherited)",
				);
				INFOPLIST_FILE = strikeZoneTests/Info.plist;
				LD_RUNPATH_SEARCH_PATHS = "$(inherited) @executable_path/Frameworks @loader_path/Frameworks";
				PRODUCT_NAME = "$(TARGET_NAME)";
				TEST_HOST = "$(BUILT_PRODUCTS_DIR)/strikeZone.app/strikeZone";
			};
			name = Release;
		};
/* End XCBuildConfiguration section */

/* Begin XCConfigurationList section */
		32F431581A40F37700DECF24 /* Build configuration list for PBXProject "strikeZone" */ = {
			isa = XCConfigurationList;
			buildConfigurations = (
				32F4317A1A40F37700DECF24 /* Debug */,
				32F4317B1A40F37700DECF24 /* Release */,
			);
			defaultConfigurationIsVisible = 0;
			defaultConfigurationName = Release;
		};
		32F4317C1A40F37700DECF24 /* Build configuration list for PBXNativeTarget "strikeZone" */ = {
			isa = XCConfigurationList;
			buildConfigurations = (
				32F4317D1A40F37700DECF24 /* Debug */,
				32F4317E1A40F37700DECF24 /* Release */,
			);
			defaultConfigurationIsVisible = 0;
			defaultConfigurationName = Release;
		};
		32F4317F1A40F37700DECF24 /* Build configuration list for PBXNativeTarget "strikeZoneTests" */ = {
			isa = XCConfigurationList;
			buildConfigurations = (
				32F431801A40F37700DECF24 /* Debug */,
				32F431811A40F37700DECF24 /* Release */,
			);
			defaultConfigurationIsVisible = 0;
			defaultConfigurationName = Release;
		};
/* End XCConfigurationList section */
	};
	rootObject = 32F431551A40F37700DECF24 /* Project object */;
}
